
Microsoft Visual Studio Solution File, Format Version 12.00
# Visual Studio Version 17
VisualStudioVersion = 17.14.36414.22
MinimumVisualStudioVersion = 10.0.40219.1
Project("{FAE04EC0-301F-11D3-BF4B-00C04F79EFBC}") = "Nhom8", "BaoCao\Nhom8.csproj", "{5F4BC454-3941-4A4A-96B4-188D65089779}"
EndProject
Global
	GlobalSection(SolutionConfigurationPlatforms) = preSolution
		Debug|Any CPU = Debug|Any CPU
		Release|Any CPU = Release|Any CPU
	EndGlobalSection
	GlobalSection(ProjectConfigurationPlatforms) = postSolution
		{5F4BC454-3941-4A4A-96B4-188D65089779}.Debug|Any CPU.ActiveCfg = Debug|Any CPU
		{5F4BC454-3941-4A4A-96B4-188D65089779}.Debug|Any CPU.Build.0 = Debug|Any CPU
		{5F4BC454-3941-4A4A-96B4-188D65089779}.Release|Any CPU.ActiveCfg = Release|Any CPU
		{5F4BC454-3941-4A4A-96B4-188D65089779}.Release|Any CPU.Build.0 = Release|Any CPU
	EndGlobalSection
	GlobalSection(SolutionProperties) = preSolution
		HideSolutionNode = FALSE
	EndGlobalSection
	GlobalSection(ExtensibilityGlobals) = postSolution
		SolutionGuid = {692E01BD-6806-403F-B1D5-4B99FFEB00C2}
	EndGlobalSection
EndGlobal
